
Microsoft Visual Studio Solution File, Format Version 12.00
# Visual Studio 15
VisualStudioVersion = 15.0.28307.329
MinimumVisualStudioVersion = 10.0.40219.1
Project("{FAE04EC0-301F-11D3-BF4B-00C04F79EFBC}") = "ExelMap", "ExelMap\ExelMap.csproj", "{CC853B7E-27CE-44E6-A83E-8164AAE48576}"
EndProject
Global
	GlobalSection(SolutionConfigurationPlatforms) = preSolution
		Debug|Any CPU = Debug|Any CPU
		Release|Any CPU = Release|Any CPU
	EndGlobalSection
	GlobalSection(ProjectConfigurationPlatforms) = postSolution
		{CC853B7E-27CE-44E6-A83E-8164AAE48576}.Debug|Any CPU.ActiveCfg = Debug|Any CPU
		{CC853B7E-27CE-44E6-A83E-8164AAE48576}.Debug|Any CPU.Build.0 = Debug|Any CPU
		{CC853B7E-27CE-44E6-A83E-8164AAE48576}.Release|Any CPU.ActiveCfg = Release|Any CPU
		{CC853B7E-27CE-44E6-A83E-8164AAE48576}.Release|Any CPU.Build.0 = Release|Any CPU
	EndGlobalSection
	GlobalSection(SolutionProperties) = preSolution
		HideSolutionNode = FALSE
	EndGlobalSection
	GlobalSection(ExtensibilityGlobals) = postSolution
		SolutionGuid = {78DF7146-0683-4871-8462-9163CFFDEA9A}
	EndGlobalSection
EndGlobal
